# THIS IS AN AUTOGENERATED FILE. DO NOT EDIT THIS FILE DIRECTLY.
# yarn lockfile v1


"@ardatan/sync-fetch@^0.0.1":
  version "0.0.1"
  resolved "https://registry.yarnpkg.com/@ardatan/sync-fetch/-/sync-fetch-0.0.1.tgz#3385d3feedceb60a896518a1db857ec1e945348f"
  dependencies:
    node-fetch "^2.6.1"

"@babel/code-frame@^7.0.0":
  version "7.18.6"
  resolved "https://registry.yarnpkg.com/@babel/code-frame/-/code-frame-7.18.6.tgz#3b25d38c89600baa2dcc219edfa88a74eb2c427a"
  dependencies:
    "@babel/highlight" "^7.18.6"

"@babel/helper-validator-identifier@^7.18.6":
  version "7.19.1"
  resolved "https://registry.yarnpkg.com/@babel/helper-validator-identifier/-/helper-validator-identifier-7.19.1.tgz#7eea834cf32901ffdc1a7ee555e2f9c27e249ca2"

"@babel/highlight@^7.18.6":
  version "7.18.6"
  resolved "https://registry.yarnpkg.com/@babel/highlight/-/highlight-7.18.6.tgz#81158601e93e2563795adcbfbdf5d64be3f2ecdf"
  dependencies:
    "@babel/helper-validator-identifier" "^7.18.6"
    chalk "^2.0.0"
    js-tokens "^4.0.0"

"@graphiql/toolkit@^0.3.2":
  version "0.3.2"
  resolved "https://registry.yarnpkg.com/@graphiql/toolkit/-/toolkit-0.3.2.tgz#551753436ada2bc27ea870b7668e5199a958ccfb"
  dependencies:
    "@n1ru4l/push-pull-async-iterable-iterator" "^3.0.0"
    graphql-ws "^4.9.0"
    meros "^1.1.4"

"@graphql-tools/batch-execute@8.5.18":
  version "8.5.18"
  resolved "https://registry.yarnpkg.com/@graphql-tools/batch-execute/-/batch-execute-8.5.18.tgz#2f0e91cc12e8eed32f14bc814f27c6a498b75e17"
  dependencies:
    "@graphql-tools/utils" "9.2.1"
    dataloader "2.2.2"
    tslib "^2.4.0"
    value-or-promise "1.0.12"

"@graphql-tools/delegate@9.0.27", "@graphql-tools/delegate@^9.0.27":
  version "9.0.27"
  resolved "https://registry.yarnpkg.com/@graphql-tools/delegate/-/delegate-9.0.27.tgz#e500554bace46cc7ededd48a0c28079f747c9f49"
  dependencies:
    "@graphql-tools/batch-execute" "8.5.18"
    "@graphql-tools/executor" "0.0.14"
    "@graphql-tools/schema" "9.0.16"
    "@graphql-tools/utils" "9.2.1"
    dataloader "2.2.2"
    tslib "~2.5.0"
    value-or-promise "1.0.12"

"@graphql-tools/executor-graphql-ws@^0.0.11":
  version "0.0.11"
  resolved "https://registry.yarnpkg.com/@graphql-tools/executor-graphql-ws/-/executor-graphql-ws-0.0.11.tgz#c6536aa862f76a9c7ac83e7e07fe8d5119e6de38"
  dependencies:
    "@graphql-tools/utils" "9.2.1"
    "@repeaterjs/repeater" "3.0.4"
    "@types/ws" "^8.0.0"
    graphql-ws "5.11.3"
    isomorphic-ws "5.0.0"
    tslib "^2.4.0"
    ws "8.12.1"

"@graphql-tools/executor-http@^0.1.7":
  version "0.1.9"
  resolved "https://registry.yarnpkg.com/@graphql-tools/executor-http/-/executor-http-0.1.9.tgz#ddd74ef376b4a2ed59c622acbcca068890854a30"
  dependencies:
    "@graphql-tools/utils" "^9.2.1"
    "@repeaterjs/repeater" "^3.0.4"
    "@whatwg-node/fetch" "^0.8.1"
    dset "^3.1.2"
    extract-files "^11.0.0"
    meros "^1.2.1"
    tslib "^2.4.0"
    value-or-promise "^1.0.12"

"@graphql-tools/executor-legacy-ws@^0.0.9":
  version "0.0.9"
  resolved "https://registry.yarnpkg.com/@graphql-tools/executor-legacy-ws/-/executor-legacy-ws-0.0.9.tgz#1ff517998f750af2be9c1dae8924665a136e4986"
  dependencies:
    "@graphql-tools/utils" "9.2.1"
    "@types/ws" "^8.0.0"
    isomorphic-ws "5.0.0"
    tslib "^2.4.0"
    ws "8.12.1"

"@graphql-tools/executor@0.0.14":
  version "0.0.14"
  resolved "https://registry.yarnpkg.com/@graphql-tools/executor/-/executor-0.0.14.tgz#7c6073d75c77dd6e7fab0c835761ed09c85a3bc6"
  dependencies:
    "@graphql-tools/utils" "9.2.1"
    "@graphql-typed-document-node/core" "3.1.1"
    "@repeaterjs/repeater" "3.0.4"
    tslib "^2.4.0"
    value-or-promise "1.0.12"

"@graphql-tools/graphql-file-loader@^7.3.7":
  version "7.5.16"
  resolved "https://registry.yarnpkg.com/@graphql-tools/graphql-file-loader/-/graphql-file-loader-7.5.16.tgz#d954b25ee14c6421ddcef43f4320a82e9800cb23"
  dependencies:
    "@graphql-tools/import" "6.7.17"
    "@graphql-tools/utils" "9.2.1"
    globby "^11.0.3"
    tslib "^2.4.0"
    unixify "^1.0.0"

"@graphql-tools/import@6.7.17":
  version "6.7.17"
  resolved "https://registry.yarnpkg.com/@graphql-tools/import/-/import-6.7.17.tgz#ab51ed08bcbf757f952abf3f40793ce3db42d4a3"
  dependencies:
    "@graphql-tools/utils" "9.2.1"
    resolve-from "5.0.0"
    tslib "^2.4.0"

"@graphql-tools/json-file-loader@^7.3.7":
  version "7.4.17"
  resolved "https://registry.yarnpkg.com/@graphql-tools/json-file-loader/-/json-file-loader-7.4.17.tgz#3f08e74ab1a3534c02dc97875acc7f15aa460011"
  dependencies:
    "@graphql-tools/utils" "9.2.1"
    globby "^11.0.3"
    tslib "^2.4.0"
    unixify "^1.0.0"

"@graphql-tools/load@^7.5.5":
  version "7.8.12"
  resolved "https://registry.yarnpkg.com/@graphql-tools/load/-/load-7.8.12.tgz#6457fe6ec8cd2e2b5ca0d2752464bc937d186cca"
  dependencies:
    "@graphql-tools/schema" "9.0.16"
    "@graphql-tools/utils" "9.2.1"
    p-limit "3.1.0"
    tslib "^2.4.0"

"@graphql-tools/merge@8.3.18", "@graphql-tools/merge@^8.2.6":
  version "8.3.18"
  resolved "https://registry.yarnpkg.com/@graphql-tools/merge/-/merge-8.3.18.tgz#bfbb517c68598a885809f16ce5c3bb1ebb8f04a2"
  dependencies:
    "@graphql-tools/utils" "9.2.1"
    tslib "^2.4.0"

"@graphql-tools/schema@9.0.16":
  version "9.0.16"
  resolved "https://registry.yarnpkg.com/@graphql-tools/schema/-/schema-9.0.16.tgz#7d340d69e6094dc01a2b9e625c7bb4fff89ea521"
  dependencies:
    "@graphql-tools/merge" "8.3.18"
    "@graphql-tools/utils" "9.2.1"
    tslib "^2.4.0"
    value-or-promise "1.0.12"

"@graphql-tools/url-loader@^7.9.7":
  version "7.17.13"
  resolved "https://registry.yarnpkg.com/@graphql-tools/url-loader/-/url-loader-7.17.13.tgz#d4ee8193792ab1c42db2fbdf5f6ca75fa819ac40"
  dependencies:
    "@ardatan/sync-fetch" "^0.0.1"
    "@graphql-tools/delegate" "^9.0.27"
    "@graphql-tools/executor-graphql-ws" "^0.0.11"
    "@graphql-tools/executor-http" "^0.1.7"
    "@graphql-tools/executor-legacy-ws" "^0.0.9"
    "@graphql-tools/utils" "^9.2.1"
    "@graphql-tools/wrap" "^9.3.6"
    "@types/ws" "^8.0.0"
    "@whatwg-node/fetch" "^0.8.0"
    isomorphic-ws "^5.0.0"
    tslib "^2.4.0"
    value-or-promise "^1.0.11"
    ws "^8.12.0"

"@graphql-tools/utils@9.2.1", "@graphql-tools/utils@^9.0.0", "@graphql-tools/utils@^9.2.1":
  version "9.2.1"
  resolved "https://registry.yarnpkg.com/@graphql-tools/utils/-/utils-9.2.1.tgz#1b3df0ef166cfa3eae706e3518b17d5922721c57"
  dependencies:
    "@graphql-typed-document-node/core" "^3.1.1"
    tslib "^2.4.0"

"@graphql-tools/wrap@^9.3.6":
  version "9.3.6"
  resolved "https://registry.yarnpkg.com/@graphql-tools/wrap/-/wrap-9.3.6.tgz#23beaf9c3713160adda511c6a498d1c7077c2848"
  dependencies:
    "@graphql-tools/delegate" "9.0.27"
    "@graphql-tools/schema" "9.0.16"
    "@graphql-tools/utils" "9.2.1"
    tslib "^2.4.0"
    value-or-promise "1.0.12"

"@graphql-typed-document-node/core@3.1.1", "@graphql-typed-document-node/core@^3.1.1":
  version "3.1.1"
  resolved "https://registry.yarnpkg.com/@graphql-typed-document-node/core/-/core-3.1.1.tgz#076d78ce99822258cf813ecc1e7fa460fa74d052"

"@n1ru4l/push-pull-async-iterable-iterator@^3.0.0":
  version "3.2.0"
  resolved "https://registry.yarnpkg.com/@n1ru4l/push-pull-async-iterable-iterator/-/push-pull-async-iterable-iterator-3.2.0.tgz#c15791112db68dd9315d329d652b7e797f737655"

"@nodelib/fs.scandir@2.1.5":
  version "2.1.5"
  resolved "https://registry.yarnpkg.com/@nodelib/fs.scandir/-/fs.scandir-2.1.5.tgz#7619c2eb21b25483f6d167548b4cfd5a7488c3d5"
  dependencies:
    "@nodelib/fs.stat" "2.0.5"
    run-parallel "^1.1.9"

"@nodelib/fs.stat@2.0.5", "@nodelib/fs.stat@^2.0.2":
  version "2.0.5"
  resolved "https://registry.yarnpkg.com/@nodelib/fs.stat/-/fs.stat-2.0.5.tgz#5bd262af94e9d25bd1e71b05deed44876a222e8b"

"@nodelib/fs.walk@^1.2.3":
  version "1.2.8"
  resolved "https://registry.yarnpkg.com/@nodelib/fs.walk/-/fs.walk-1.2.8.tgz#e95737e8bb6746ddedf69c556953494f196fe69a"
  dependencies:
    "@nodelib/fs.scandir" "2.1.5"
    fastq "^1.6.0"

"@peculiar/asn1-schema@^2.1.6", "@peculiar/asn1-schema@^2.3.0":
  version "2.3.3"
  resolved "https://registry.yarnpkg.com/@peculiar/asn1-schema/-/asn1-schema-2.3.3.tgz#21418e1f3819e0b353ceff0c2dad8ccb61acd777"
  dependencies:
    asn1js "^3.0.5"
    pvtsutils "^1.3.2"
    tslib "^2.4.0"

"@peculiar/json-schema@^1.1.12":
  version "1.1.12"
  resolved "https://registry.yarnpkg.com/@peculiar/json-schema/-/json-schema-1.1.12.tgz#fe61e85259e3b5ba5ad566cb62ca75b3d3cd5339"
  dependencies:
    tslib "^2.0.0"

"@peculiar/webcrypto@^1.4.0":
  version "1.4.1"
  resolved "https://registry.yarnpkg.com/@peculiar/webcrypto/-/webcrypto-1.4.1.tgz#821493bd5ad0f05939bd5f53b28536f68158360a"
  dependencies:
    "@peculiar/asn1-schema" "^2.3.0"
    "@peculiar/json-schema" "^1.1.12"
    pvtsutils "^1.3.2"
    tslib "^2.4.1"
    webcrypto-core "^1.7.4"

"@repeaterjs/repeater@3.0.4", "@repeaterjs/repeater@^3.0.4":
  version "3.0.4"
  resolved "https://registry.yarnpkg.com/@repeaterjs/repeater/-/repeater-3.0.4.tgz#a04d63f4d1bf5540a41b01a921c9a7fddc3bd1ca"

"@types/json-schema@7.0.9":
  version "7.0.9"
  resolved "https://registry.yarnpkg.com/@types/json-schema/-/json-schema-7.0.9.tgz#97edc9037ea0c38585320b28964dde3b39e4660d"

"@types/node@*":
  version "18.14.0"
  resolved "https://registry.yarnpkg.com/@types/node/-/node-18.14.0.tgz#94c47b9217bbac49d4a67a967fdcdeed89ebb7d0"

"@types/ws@^8.0.0":
  version "8.5.4"
  resolved "https://registry.yarnpkg.com/@types/ws/-/ws-8.5.4.tgz#bb10e36116d6e570dd943735f86c933c1587b8a5"
  dependencies:
    "@types/node" "*"

"@whatwg-node/events@^0.0.2":
  version "0.0.2"
  resolved "https://registry.yarnpkg.com/@whatwg-node/events/-/events-0.0.2.tgz#7b7107268d2982fc7b7aff5ee6803c64018f84dd"

"@whatwg-node/fetch@^0.8.0", "@whatwg-node/fetch@^0.8.1":
  version "0.8.1"
  resolved "https://registry.yarnpkg.com/@whatwg-node/fetch/-/fetch-0.8.1.tgz#ee3c94746132f217e17f78f9e073bb342043d630"
  dependencies:
    "@peculiar/webcrypto" "^1.4.0"
    "@whatwg-node/node-fetch" "^0.3.0"
    busboy "^1.6.0"
    urlpattern-polyfill "^6.0.2"
    web-streams-polyfill "^3.2.1"

"@whatwg-node/node-fetch@^0.3.0":
  version "0.3.0"
  resolved "https://registry.yarnpkg.com/@whatwg-node/node-fetch/-/node-fetch-0.3.0.tgz#7c7e90d03fa09d0ddebff29add6f16d923327d58"
  dependencies:
    "@whatwg-node/events" "^0.0.2"
    busboy "^1.6.0"
    fast-querystring "^1.1.1"
    fast-url-parser "^1.1.3"
    tslib "^2.3.1"

ansi-styles@^3.2.1:
  version "3.2.1"
  resolved "https://registry.yarnpkg.com/ansi-styles/-/ansi-styles-3.2.1.tgz#41fbb20243e50b12be0f04b8dedbf07520ce841d"
  dependencies:
    color-convert "^1.9.0"

argparse@^2.0.1:
  version "2.0.1"
  resolved "https://registry.yarnpkg.com/argparse/-/argparse-2.0.1.tgz#246f50f3ca78a3240f6c997e8a9bd1eac49e4b38"

array-union@^2.1.0:
  version "2.1.0"
  resolved "https://registry.yarnpkg.com/array-union/-/array-union-2.1.0.tgz#b798420adbeb1de828d84acd8a2e23d3efe85e8d"

asap@~2.0.3:
  version "2.0.5"
  resolved "https://registry.yarnpkg.com/asap/-/asap-2.0.5.tgz#522765b50c3510490e52d7dcfe085ef9ba96958f"

asn1js@^3.0.1, asn1js@^3.0.5:
  version "3.0.5"
  resolved "https://registry.yarnpkg.com/asn1js/-/asn1js-3.0.5.tgz#5ea36820443dbefb51cc7f88a2ebb5b462114f38"
  dependencies:
    pvtsutils "^1.3.2"
    pvutils "^1.1.3"
    tslib "^2.4.0"

balanced-match@^1.0.0:
  version "1.0.2"
  resolved "https://registry.yarnpkg.com/balanced-match/-/balanced-match-1.0.2.tgz#e83e3a7e3f300b34cb9d87f615fa0cbf357690ee"

brace-expansion@^1.1.7:
  version "1.1.11"
  resolved "https://registry.yarnpkg.com/brace-expansion/-/brace-expansion-1.1.11.tgz#3c7fcbf529d87226f3d2f52b966ff5271eb441dd"
  dependencies:
    balanced-match "^1.0.0"
    concat-map "0.0.1"

braces@^3.0.2, braces@^3.0.3:
  version "3.0.3"
  resolved "https://registry.yarnpkg.com/braces/-/braces-3.0.3.tgz#490332f40919452272d55a8480adc0c441358789"
  dependencies:
    fill-range "^7.1.1"

busboy@^1.6.0:
  version "1.6.0"
  resolved "https://registry.yarnpkg.com/busboy/-/busboy-1.6.0.tgz#966ea36a9502e43cdb9146962523b92f531f6893"
  dependencies:
    streamsearch "^1.1.0"

callsites@^3.0.0:
  version "3.1.0"
  resolved "https://registry.yarnpkg.com/callsites/-/callsites-3.1.0.tgz#b3630abd8943432f54b3f0519238e33cd7df2f73"

chalk@^2.0.0:
  version "2.4.2"
  resolved "https://registry.yarnpkg.com/chalk/-/chalk-2.4.2.tgz#cd42541677a54333cf541a49108c1432b44c9424"
  dependencies:
    ansi-styles "^3.2.1"
    escape-string-regexp "^1.0.5"
    supports-color "^5.3.0"

codemirror-graphql@^1.0.3:
  version "1.3.2"
  resolved "https://registry.yarnpkg.com/codemirror-graphql/-/codemirror-graphql-1.3.2.tgz#e9d1d18b4a160f0016a28465805284636ee42d2a"
  dependencies:
    graphql-language-service "^5.0.6"

codemirror@^5.58.2:
  version "5.65.12"
  resolved "https://registry.yarnpkg.com/codemirror/-/codemirror-5.65.12.tgz#294fdf097d10ac5b56a9e011a91eff252afc73ae"

color-convert@^1.9.0:
  version "1.9.3"
  resolved "https://registry.yarnpkg.com/color-convert/-/color-convert-1.9.3.tgz#bb71850690e1f136567de629d2d5471deda4c1e8"
  dependencies:
    color-name "1.1.3"

color-name@1.1.3:
  version "1.1.3"
  resolved "https://registry.yarnpkg.com/color-name/-/color-name-1.1.3.tgz#a7d0558bd89c42f795dd42328f740831ca53bc25"

concat-map@0.0.1:
  version "0.0.1"
  resolved "https://registry.yarnpkg.com/concat-map/-/concat-map-0.0.1.tgz#d8a96bd77fd68df7793a73036a3ba0d5405d477b"

copy-to-clipboard@^3.2.0:
  version "3.3.3"
  resolved "https://registry.yarnpkg.com/copy-to-clipboard/-/copy-to-clipboard-3.3.3.tgz#55ac43a1db8ae639a4bd99511c148cdd1b83a1b0"
  dependencies:
    toggle-selection "^1.0.6"

core-js@^1.0.0:
  version "1.2.7"
  resolved "https://registry.yarnpkg.com/core-js/-/core-js-1.2.7.tgz#652294c14651db28fa93bd2d5ff2983a4f08c636"

cosmiconfig@8.0.0:
  version "8.0.0"
  resolved "https://registry.yarnpkg.com/cosmiconfig/-/cosmiconfig-8.0.0.tgz#e9feae014eab580f858f8a0288f38997a7bebe97"
  dependencies:
    import-fresh "^3.2.1"
    js-yaml "^4.1.0"
    parse-json "^5.0.0"
    path-type "^4.0.0"

dataloader@2.2.2:
  version "2.2.2"
  resolved "https://registry.yarnpkg.com/dataloader/-/dataloader-2.2.2.tgz#216dc509b5abe39d43a9b9d97e6e5e473dfbe3e0"

dir-glob@^3.0.1:
  version "3.0.1"
  resolved "https://registry.yarnpkg.com/dir-glob/-/dir-glob-3.0.1.tgz#56dbf73d992a4a93ba1584f4534063fd2e41717f"
  dependencies:
    path-type "^4.0.0"

dset@^3.1.0, dset@^3.1.2:
  version "3.1.2"
  resolved "https://registry.yarnpkg.com/dset/-/dset-3.1.2.tgz#89c436ca6450398396dc6538ea00abc0c54cd45a"

encoding@^0.1.11:
  version "0.1.12"
  resolved "https://registry.yarnpkg.com/encoding/-/encoding-0.1.12.tgz#538b66f3ee62cd1ab51ec323829d1f9480c74beb"
  dependencies:
    iconv-lite "~0.4.13"

entities@^2.0.0:
  version "2.2.0"
  resolved "https://registry.yarnpkg.com/entities/-/entities-2.2.0.tgz#098dc90ebb83d8dffa089d55256b351d34c4da55"

entities@~2.1.0:
  version "2.1.0"
  resolved "https://registry.yarnpkg.com/entities/-/entities-2.1.0.tgz#992d3129cf7df6870b96c57858c249a120f8b8b5"

error-ex@^1.3.1:
  version "1.3.2"
  resolved "https://registry.yarnpkg.com/error-ex/-/error-ex-1.3.2.tgz#b4ac40648107fdcdcfae242f428bea8a14d4f1bf"
  dependencies:
    is-arrayish "^0.2.1"

escape-html@^1.0.3:
  version "1.0.3"
  resolved "https://registry.yarnpkg.com/escape-html/-/escape-html-1.0.3.tgz#0258eae4d3d0c0974de1c169188ef0051d1d1988"

escape-string-regexp@^1.0.5:
  version "1.0.5"
  resolved "https://registry.yarnpkg.com/escape-string-regexp/-/escape-string-regexp-1.0.5.tgz#1b61c0562190a8dff6ae3bb2cf0200ca130b86d4"

extract-files@^11.0.0:
  version "11.0.0"
  resolved "https://registry.yarnpkg.com/extract-files/-/extract-files-11.0.0.tgz#b72d428712f787eef1f5193aff8ab5351ca8469a"

fast-decode-uri-component@^1.0.1:
  version "1.0.1"
  resolved "https://registry.yarnpkg.com/fast-decode-uri-component/-/fast-decode-uri-component-1.0.1.tgz#46f8b6c22b30ff7a81357d4f59abfae938202543"

fast-glob@^3.2.9:
  version "3.2.12"
  resolved "https://registry.yarnpkg.com/fast-glob/-/fast-glob-3.2.12.tgz#7f39ec99c2e6ab030337142da9e0c18f37afae80"
  dependencies:
    "@nodelib/fs.stat" "^2.0.2"
    "@nodelib/fs.walk" "^1.2.3"
    glob-parent "^5.1.2"
    merge2 "^1.3.0"
    micromatch "^4.0.4"

fast-querystring@^1.1.1:
  version "1.1.1"
  resolved "https://registry.yarnpkg.com/fast-querystring/-/fast-querystring-1.1.1.tgz#f4c56ef56b1a954880cfd8c01b83f9e1a3d3fda2"
  dependencies:
    fast-decode-uri-component "^1.0.1"

fast-url-parser@^1.1.3:
  version "1.1.3"
  resolved "https://registry.yarnpkg.com/fast-url-parser/-/fast-url-parser-1.1.3.tgz#f4af3ea9f34d8a271cf58ad2b3759f431f0b318d"
  dependencies:
    punycode "^1.3.2"

fastq@^1.6.0:
  version "1.15.0"
  resolved "https://registry.yarnpkg.com/fastq/-/fastq-1.15.0.tgz#d04d07c6a2a68fe4599fea8d2e103a937fae6b3a"
  dependencies:
    reusify "^1.0.4"

fbjs@^0.8.9:
  version "0.8.12"
  resolved "https://registry.yarnpkg.com/fbjs/-/fbjs-0.8.12.tgz#10b5d92f76d45575fd63a217d4ea02bea2f8ed04"
  dependencies:
    core-js "^1.0.0"
    isomorphic-fetch "^2.1.1"
    loose-envify "^1.0.0"
    object-assign "^4.1.0"
    promise "^7.1.1"
    setimmediate "^1.0.5"
    ua-parser-js "^0.7.9"

fill-range@^7.1.1:
  version "7.1.1"
  resolved "https://registry.yarnpkg.com/fill-range/-/fill-range-7.1.1.tgz#44265d3cac07e3ea7dc247516380643754a05292"
  dependencies:
    to-regex-range "^5.0.1"

glob-parent@^5.1.2:
  version "5.1.2"
  resolved "https://registry.yarnpkg.com/glob-parent/-/glob-parent-5.1.2.tgz#869832c58034fe68a4093c17dc15e8340d8401c4"
  dependencies:
    is-glob "^4.0.1"

globby@^11.0.3:
  version "11.1.0"
  resolved "https://registry.yarnpkg.com/globby/-/globby-11.1.0.tgz#bd4be98bb042f83d796f7e3811991fbe82a0d34b"
  dependencies:
    array-union "^2.1.0"
    dir-glob "^3.0.1"
    fast-glob "^3.2.9"
    ignore "^5.2.0"
    merge2 "^1.4.1"
    slash "^3.0.0"

graphiql@^1.4.7:
  version "1.4.7"
  resolved "https://registry.yarnpkg.com/graphiql/-/graphiql-1.4.7.tgz#6a35acf0786d7518fbb986b75bf0a3d752c19c1a"
  dependencies:
    "@graphiql/toolkit" "^0.3.2"
    codemirror "^5.58.2"
    codemirror-graphql "^1.0.3"
    copy-to-clipboard "^3.2.0"
    dset "^3.1.0"
    entities "^2.0.0"
    escape-html "^1.0.3"
    graphql-language-service "^3.1.6"
    markdown-it "^12.2.0"

graphql-config@^4.1.0:
  version "4.4.1"
  resolved "https://registry.yarnpkg.com/graphql-config/-/graphql-config-4.4.1.tgz#2b1b5215b38911c0b15ff9b2e878101c984802d6"
  dependencies:
    "@graphql-tools/graphql-file-loader" "^7.3.7"
    "@graphql-tools/json-file-loader" "^7.3.7"
    "@graphql-tools/load" "^7.5.5"
    "@graphql-tools/merge" "^8.2.6"
    "@graphql-tools/url-loader" "^7.9.7"
    "@graphql-tools/utils" "^9.0.0"
    cosmiconfig "8.0.0"
    minimatch "4.2.1"
    string-env-interpolation "1.0.1"
    tslib "^2.4.0"

graphql-language-service-interface@^2.9.5:
  version "2.10.2"
  resolved "https://registry.yarnpkg.com/graphql-language-service-interface/-/graphql-language-service-interface-2.10.2.tgz#de9386f699e446320256175e215cdc10ccf9f9b7"
  dependencies:
    graphql-config "^4.1.0"
    graphql-language-service-parser "^1.10.4"
    graphql-language-service-types "^1.8.7"
    graphql-language-service-utils "^2.7.1"
    vscode-languageserver-types "^3.15.1"

graphql-language-service-parser@^1.10.3, graphql-language-service-parser@^1.10.4:
  version "1.10.4"
  resolved "https://registry.yarnpkg.com/graphql-language-service-parser/-/graphql-language-service-parser-1.10.4.tgz#b2979deefc5c0df571dacd409b2d5fbf1cdf7a9d"
  dependencies:
    graphql-language-service-types "^1.8.7"

graphql-language-service-types@^1.8.6, graphql-language-service-types@^1.8.7:
  version "1.8.7"
  resolved "https://registry.yarnpkg.com/graphql-language-service-types/-/graphql-language-service-types-1.8.7.tgz#f5e909e6d9334ea2d8d1f7281b695b6f5602c07f"
  dependencies:
    graphql-config "^4.1.0"
    vscode-languageserver-types "^3.15.1"

graphql-language-service-utils@^2.6.3, graphql-language-service-utils@^2.7.1:
  version "2.7.1"
  resolved "https://registry.yarnpkg.com/graphql-language-service-utils/-/graphql-language-service-utils-2.7.1.tgz#c97c8d744a761480aba7e03e4a42adf28b6fce39"
  dependencies:
    "@types/json-schema" "7.0.9"
    graphql-language-service-types "^1.8.7"
    nullthrows "^1.0.0"

graphql-language-service@^3.1.6:
  version "3.2.5"
  resolved "https://registry.yarnpkg.com/graphql-language-service/-/graphql-language-service-3.2.5.tgz#aa73884fced898e8efeaa5a13188e00a9c1b4552"
  dependencies:
    graphql-language-service-interface "^2.9.5"
    graphql-language-service-parser "^1.10.3"
    graphql-language-service-types "^1.8.6"
    graphql-language-service-utils "^2.6.3"

graphql-language-service@^5.0.6:
  version "5.1.1"
  resolved "https://registry.yarnpkg.com/graphql-language-service/-/graphql-language-service-5.1.1.tgz#d7b46d46adad3b192489960cc939da7ad8dbf21a"
  dependencies:
    nullthrows "^1.0.0"
    vscode-languageserver-types "^3.17.1"

graphql-ws@5.11.3:
  version "5.11.3"
  resolved "https://registry.yarnpkg.com/graphql-ws/-/graphql-ws-5.11.3.tgz#eaf8e6baf669d167975cff13ad86abca4ecfe82f"

graphql-ws@^4.9.0:
  version "4.9.0"
  resolved "https://registry.yarnpkg.com/graphql-ws/-/graphql-ws-4.9.0.tgz#5cfd8bb490b35e86583d8322f5d5d099c26e365c"

has-flag@^3.0.0:
  version "3.0.0"
  resolved "https://registry.yarnpkg.com/has-flag/-/has-flag-3.0.0.tgz#b5d454dc2199ae225699f3467e5a07f3b955bafd"

iconv-lite@~0.4.13:
  version "0.4.17"
  resolved "https://registry.yarnpkg.com/iconv-lite/-/iconv-lite-0.4.17.tgz#4fdaa3b38acbc2c031b045d0edcdfe1ecab18c8d"

ignore@^5.2.0:
  version "5.2.4"
  resolved "https://registry.yarnpkg.com/ignore/-/ignore-5.2.4.tgz#a291c0c6178ff1b960befe47fcdec301674a6324"

import-fresh@^3.2.1:
  version "3.3.0"
  resolved "https://registry.yarnpkg.com/import-fresh/-/import-fresh-3.3.0.tgz#37162c25fcb9ebaa2e6e53d5b4d88ce17d9e0c2b"
  dependencies:
    parent-module "^1.0.0"
    resolve-from "^4.0.0"

is-arrayish@^0.2.1:
  version "0.2.1"
  resolved "https://registry.yarnpkg.com/is-arrayish/-/is-arrayish-0.2.1.tgz#77c99840527aa8ecb1a8ba697b80645a7a926a9d"

is-extglob@^2.1.1:
  version "2.1.1"
  resolved "https://registry.yarnpkg.com/is-extglob/-/is-extglob-2.1.1.tgz#a88c02535791f02ed37c76a1b9ea9773c833f8c2"

is-glob@^4.0.1:
  version "4.0.3"
  resolved "https://registry.yarnpkg.com/is-glob/-/is-glob-4.0.3.tgz#64f61e42cbbb2eec2071a9dac0b28ba1e65d5084"
  dependencies:
    is-extglob "^2.1.1"

is-number@^7.0.0:
  version "7.0.0"
  resolved "https://registry.yarnpkg.com/is-number/-/is-number-7.0.0.tgz#7535345b896734d5f80c4d06c50955527a14f12b"

is-stream@^1.0.1:
  version "1.1.0"
  resolved "https://registry.yarnpkg.com/is-stream/-/is-stream-1.1.0.tgz#12d4a3dd4e68e0b79ceb8dbc84173ae80d91ca44"

isomorphic-fetch@^2.1.1:
  version "2.2.1"
  resolved "https://registry.yarnpkg.com/isomorphic-fetch/-/isomorphic-fetch-2.2.1.tgz#611ae1acf14f5e81f729507472819fe9733558a9"
  dependencies:
    node-fetch "^1.0.1"
    whatwg-fetch ">=0.10.0"

isomorphic-ws@5.0.0, isomorphic-ws@^5.0.0:
  version "5.0.0"
  resolved "https://registry.yarnpkg.com/isomorphic-ws/-/isomorphic-ws-5.0.0.tgz#e5529148912ecb9b451b46ed44d53dae1ce04bbf"

js-tokens@^3.0.0:
  version "3.0.1"
  resolved "https://registry.yarnpkg.com/js-tokens/-/js-tokens-3.0.1.tgz#08e9f132484a2c45a30907e9dc4d5567b7f114d7"

"js-tokens@^3.0.0 || ^4.0.0", js-tokens@^4.0.0:
  version "4.0.0"
  resolved "https://registry.yarnpkg.com/js-tokens/-/js-tokens-4.0.0.tgz#19203fb59991df98e3a287050d4647cdeaf32499"

js-yaml@^4.1.0:
  version "4.1.0"
  resolved "https://registry.yarnpkg.com/js-yaml/-/js-yaml-4.1.0.tgz#c1fb65f8f5017901cdd2c951864ba18458a10602"
  dependencies:
    argparse "^2.0.1"

json-parse-even-better-errors@^2.3.0:
  version "2.3.1"
  resolved "https://registry.yarnpkg.com/json-parse-even-better-errors/-/json-parse-even-better-errors-2.3.1.tgz#7c47805a94319928e05777405dc12e1f7a4ee02d"

lines-and-columns@^1.1.6:
  version "1.2.4"
  resolved "https://registry.yarnpkg.com/lines-and-columns/-/lines-and-columns-1.2.4.tgz#eca284f75d2965079309dc0ad9255abb2ebc1632"

linkify-it@^3.0.1:
  version "3.0.3"
  resolved "https://registry.yarnpkg.com/linkify-it/-/linkify-it-3.0.3.tgz#a98baf44ce45a550efb4d49c769d07524cc2fa2e"
  dependencies:
    uc.micro "^1.0.1"

loose-envify@^1.0.0, loose-envify@^1.1.0, loose-envify@^1.3.1:
  version "1.3.1"
  resolved "https://registry.yarnpkg.com/loose-envify/-/loose-envify-1.3.1.tgz#d1a8ad33fa9ce0e713d65fdd0ac8b748d478c848"
  dependencies:
    js-tokens "^3.0.0"

loose-envify@^1.4.0:
  version "1.4.0"
  resolved "https://registry.yarnpkg.com/loose-envify/-/loose-envify-1.4.0.tgz#71ee51fa7be4caec1a63839f7e682d8132d30caf"
  dependencies:
    js-tokens "^3.0.0 || ^4.0.0"

markdown-it@^12.2.0:
  version "12.3.2"
  resolved "https://registry.yarnpkg.com/markdown-it/-/markdown-it-12.3.2.tgz#bf92ac92283fe983fe4de8ff8abfb5ad72cd0c90"
  dependencies:
    argparse "^2.0.1"
    entities "~2.1.0"
    linkify-it "^3.0.1"
    mdurl "^1.0.1"
    uc.micro "^1.0.5"

mdurl@^1.0.1:
  version "1.0.1"
  resolved "https://registry.yarnpkg.com/mdurl/-/mdurl-1.0.1.tgz#fe85b2ec75a59037f2adfec100fd6c601761152e"

merge2@^1.3.0, merge2@^1.4.1:
  version "1.4.1"
  resolved "https://registry.yarnpkg.com/merge2/-/merge2-1.4.1.tgz#4368892f885e907455a6fd7dc55c0c9d404990ae"

meros@^1.1.4, meros@^1.2.1:
  version "1.2.1"
  resolved "https://registry.yarnpkg.com/meros/-/meros-1.2.1.tgz#056f7a76e8571d0aaf3c7afcbe7eb6407ff7329e"

micromatch@^4.0.4:
  version "4.0.8"
  resolved "https://registry.yarnpkg.com/micromatch/-/micromatch-4.0.8.tgz#d66fa18f3a47076789320b9b1af32bd86d9fa202"
  dependencies:
    braces "^3.0.3"
    picomatch "^2.3.1"

minimatch@4.2.1:
  version "4.2.1"
  resolved "https://registry.yarnpkg.com/minimatch/-/minimatch-4.2.1.tgz#40d9d511a46bdc4e563c22c3080cde9c0d8299b4"
  dependencies:
    brace-expansion "^1.1.7"

node-fetch@^1.0.1:
  version "1.7.1"
  resolved "https://registry.yarnpkg.com/node-fetch/-/node-fetch-1.7.1.tgz#899cb3d0a3c92f952c47f1b876f4c8aeabd400d5"
  dependencies:
    encoding "^0.1.11"
    is-stream "^1.0.1"

node-fetch@^2.6.1:
  version "2.6.9"
  resolved "https://registry.yarnpkg.com/node-fetch/-/node-fetch-2.6.9.tgz#7c7f744b5cc6eb5fd404e0c7a9fec630a55657e6"
  dependencies:
    whatwg-url "^5.0.0"

normalize-path@^2.1.1:
  version "2.1.1"
  resolved "https://registry.yarnpkg.com/normalize-path/-/normalize-path-2.1.1.tgz#1ab28b556e198363a8c1a6f7e6fa20137fe6aed9"
  dependencies:
    remove-trailing-separator "^1.0.1"

nullthrows@^1.0.0:
  version "1.1.1"
  resolved "https://registry.yarnpkg.com/nullthrows/-/nullthrows-1.1.1.tgz#7818258843856ae971eae4208ad7d7eb19a431b1"

object-assign@^4.1.0, object-assign@^4.1.1:
  version "4.1.1"
  resolved "https://registry.yarnpkg.com/object-assign/-/object-assign-4.1.1.tgz#2109adc7965887cfc05cbbd442cac8bfbb360863"

p-limit@3.1.0:
  version "3.1.0"
  resolved "https://registry.yarnpkg.com/p-limit/-/p-limit-3.1.0.tgz#e1daccbe78d0d1388ca18c64fea38e3e57e3706b"
  dependencies:
    yocto-queue "^0.1.0"

parent-module@^1.0.0:
  version "1.0.1"
  resolved "https://registry.yarnpkg.com/parent-module/-/parent-module-1.0.1.tgz#691d2709e78c79fae3a156622452d00762caaaa2"
  dependencies:
    callsites "^3.0.0"

parse-json@^5.0.0:
  version "5.2.0"
  resolved "https://registry.yarnpkg.com/parse-json/-/parse-json-5.2.0.tgz#c76fc66dee54231c962b22bcc8a72cf2f99753cd"
  dependencies:
    "@babel/code-frame" "^7.0.0"
    error-ex "^1.3.1"
    json-parse-even-better-errors "^2.3.0"
    lines-and-columns "^1.1.6"

path-type@^4.0.0:
  version "4.0.0"
  resolved "https://registry.yarnpkg.com/path-type/-/path-type-4.0.0.tgz#84ed01c0a7ba380afe09d90a8c180dcd9d03043b"

picomatch@^2.3.1:
  version "2.3.1"
  resolved "https://registry.yarnpkg.com/picomatch/-/picomatch-2.3.1.tgz#3ba3833733646d9d3e4995946c1365a67fb07a42"

primer-alerts@^1.1.2:
  version "1.1.2"
  resolved "https://registry.yarnpkg.com/primer-alerts/-/primer-alerts-1.1.2.tgz#f2da75ead330448aba71fe82f0fa7a08f20ca72b"
  dependencies:
    primer-support "*"

primer-avatars@^0.4.6:
  version "0.4.6"
  resolved "https://registry.yarnpkg.com/primer-avatars/-/primer-avatars-0.4.6.tgz#e439082b8ffbb2b35c3aa232c9501d99dcdf2a43"
  dependencies:
    primer-support "*"

primer-base@^0.4.0:
  version "0.4.2"
  resolved "https://registry.yarnpkg.com/primer-base/-/primer-base-0.4.2.tgz#10bea7bdd454c447b1ed6e801595f3888b30f01f"
  dependencies:
    primer-support "*"

primer-blankslate@^0.3.5:
  version "0.3.5"
  resolved "https://registry.yarnpkg.com/primer-blankslate/-/primer-blankslate-0.3.5.tgz#f2cd56735935a67e4565ff53c74d5420d11ce77e"
  dependencies:
    primer-support "*"

primer-box@^2.1.2:
  version "2.1.2"
  resolved "https://registry.yarnpkg.com/primer-box/-/primer-box-2.1.2.tgz#e48a38a76035395895b8fe316facc2d135b3f194"
  dependencies:
    primer-support "*"

primer-breadcrumb@^0.1.1:
  version "0.1.1"
  resolved "https://registry.yarnpkg.com/primer-breadcrumb/-/primer-breadcrumb-0.1.1.tgz#d376da76d52c8f1bc65afbe2fd784b4fd6c684a2"
  dependencies:
    primer-marketing-support "*"
    primer-support "*"

primer-buttons@^2.0.0:
  version "2.0.0"
  resolved "https://registry.yarnpkg.com/primer-buttons/-/primer-buttons-2.0.0.tgz#805e8c07e56b616b2757fef413f4aba98e6e098b"
  dependencies:
    primer-support "*"

primer-cards@^0.1.2:
  version "0.1.2"
  resolved "https://registry.yarnpkg.com/primer-cards/-/primer-cards-0.1.2.tgz#d56f54a2166ca4aa97e9f17650f0b995aaf9e014"
  dependencies:
    primer-marketing-support "*"
    primer-support "*"

primer-core@^3.0.0:
  version "3.0.0"
  resolved "https://registry.yarnpkg.com/primer-core/-/primer-core-3.0.0.tgz#786ef2fb277c176de62251012d67b1da67657433"
  dependencies:
    primer-base "^0.4.0"
    primer-box "^2.1.2"
    primer-buttons "^2.0.0"
    primer-forms "^1.0.6"
    primer-layout "^0.3.2"
    primer-navigation "^1.0.0"
    primer-support "^4.0.0"
    primer-table-object "^1.0.3"
    primer-tooltips "^0.5.4"
    primer-truncate "^0.3.2"
    primer-utilities "^4.2.4"

primer-css@^6.0.0:
  version "6.0.0"
  resolved "https://registry.yarnpkg.com/primer-css/-/primer-css-6.0.0.tgz#f3023b87b443bc894119797900088ffa444a04c2"
  dependencies:
    primer-core "^3.0.0"
    primer-marketing "^3.0.0"
    primer-product "^3.0.0"

primer-forms@^1.0.6:
  version "1.0.6"
  resolved "https://registry.yarnpkg.com/primer-forms/-/primer-forms-1.0.6.tgz#473db3826146ffd8da1698f86a5517a560b63590"
  dependencies:
    primer-support "*"

primer-labels@^1.0.0:
  version "1.0.0"
  resolved "https://registry.yarnpkg.com/primer-labels/-/primer-labels-1.0.0.tgz#45a2c4173206750ab27e4a584998683101299a40"
  dependencies:
    primer-support "*"

primer-layout@^0.3.2:
  version "0.3.2"
  resolved "https://registry.yarnpkg.com/primer-layout/-/primer-layout-0.3.2.tgz#7f607ac1fad5942f646a05f6a4122a1577407118"
  dependencies:
    primer-support "*"

primer-markdown@^3.3.7:
  version "3.3.7"
  resolved "https://registry.yarnpkg.com/primer-markdown/-/primer-markdown-3.3.7.tgz#6a3f5626ce2705266791d565dfc441ac0e9aaa5c"
  dependencies:
    primer-support "*"

primer-marketing-support@*, primer-marketing-support@^0.5.0:
  version "0.5.0"
  resolved "https://registry.yarnpkg.com/primer-marketing-support/-/primer-marketing-support-0.5.0.tgz#ed3ce497b3c4564fe58525d0e19f2cae90a19748"

primer-marketing-type@^0.2.0:
  version "0.2.0"
  resolved "https://registry.yarnpkg.com/primer-marketing-type/-/primer-marketing-type-0.2.0.tgz#06d03d9473e23dd09b3bae94032a71e0a5cf609e"
  dependencies:
    primer-marketing-support "*"
    primer-support "*"

primer-marketing@^3.0.0:
  version "3.0.0"
  resolved "https://registry.yarnpkg.com/primer-marketing/-/primer-marketing-3.0.0.tgz#f25326c0fe5695c42c6bcc01443a0b7223d8e24b"
  dependencies:
    primer-breadcrumb "^0.1.1"
    primer-cards "^0.1.2"
    primer-marketing-support "^0.5.0"
    primer-marketing-type "^0.2.0"
    primer-page-headers "^0.1.1"
    primer-page-sections "^0.1.1"
    primer-support "^4.0.0"
    primer-tables "^0.1.2"

primer-navigation@^1.0.0:
  version "1.0.0"
  resolved "https://registry.yarnpkg.com/primer-navigation/-/primer-navigation-1.0.0.tgz#446a12436f0831f826cfe7012f8827fdbb5f2576"
  dependencies:
    primer-support "*"

primer-page-headers@^0.1.1:
  version "0.1.1"
  resolved "https://registry.yarnpkg.com/primer-page-headers/-/primer-page-headers-0.1.1.tgz#ed0b62348188fef6f0eee8f005fd018ccc7ac248"
  dependencies:
    primer-marketing-support "*"
    primer-support "*"

primer-page-sections@^0.1.1:
  version "0.1.1"
  resolved "https://registry.yarnpkg.com/primer-page-sections/-/primer-page-sections-0.1.1.tgz#ab9b955f348afca164a559cfb1599b8f3a5ba344"
  dependencies:
    primer-marketing-support "*"
    primer-support "*"

primer-product@^3.0.0:
  version "3.0.0"
  resolved "https://registry.yarnpkg.com/primer-product/-/primer-product-3.0.0.tgz#98adfa29f6843aa9e3f38a7a8b13660596066079"
  dependencies:
    primer-alerts "^1.1.2"
    primer-avatars "^0.4.6"
    primer-blankslate "^0.3.5"
    primer-labels "^1.0.0"
    primer-markdown "^3.3.7"
    primer-support "^4.0.0"

primer-support@*, primer-support@^4.0.0:
  version "4.0.0"
  resolved "https://registry.yarnpkg.com/primer-support/-/primer-support-4.0.0.tgz#3dbbb37e4e0f2ed2ea6035e0b79dd0cb33bae85e"

primer-table-object@^1.0.3:
  version "1.0.3"
  resolved "https://registry.yarnpkg.com/primer-table-object/-/primer-table-object-1.0.3.tgz#6684eea0bf639bffd9879565d0dcc1c7486fc0b3"
  dependencies:
    primer-support "*"

primer-tables@^0.1.2:
  version "0.1.2"
  resolved "https://registry.yarnpkg.com/primer-tables/-/primer-tables-0.1.2.tgz#582706a9892d1b89393c798180dfd2e59f5da318"
  dependencies:
    primer-marketing-support "*"
    primer-support "*"

primer-tooltips@^0.5.4:
  version "0.5.4"
  resolved "https://registry.yarnpkg.com/primer-tooltips/-/primer-tooltips-0.5.4.tgz#73d3a5fc7084923f648eebfe1156aa7a0570111b"
  dependencies:
    primer-support "*"

primer-truncate@^0.3.2:
  version "0.3.2"
  resolved "https://registry.yarnpkg.com/primer-truncate/-/primer-truncate-0.3.2.tgz#ffecd0199ab06ea4d3e45c221a8408bc14210a11"
  dependencies:
    primer-support "*"

primer-utilities@^4.2.4:
  version "4.2.4"
  resolved "https://registry.yarnpkg.com/primer-utilities/-/primer-utilities-4.2.4.tgz#68b8ce458bb4cc9d69d841fc003fbbbb423a697a"
  dependencies:
    primer-support "*"

promise@^7.1.1:
  version "7.1.1"
  resolved "https://registry.yarnpkg.com/promise/-/promise-7.1.1.tgz#489654c692616b8aa55b0724fa809bb7db49c5bf"
  dependencies:
    asap "~2.0.3"

prop-types@^15.5.7:
  version "15.5.10"
  resolved "https://registry.yarnpkg.com/prop-types/-/prop-types-15.5.10.tgz#2797dfc3126182e3a95e3dfbb2e893ddd7456154"
  dependencies:
    fbjs "^0.8.9"
    loose-envify "^1.3.1"

prop-types@^15.6.2:
  version "15.7.2"
  resolved "https://registry.yarnpkg.com/prop-types/-/prop-types-15.7.2.tgz#52c41e75b8c87e72b9d9360e0206b99dcbffa6c5"
  dependencies:
    loose-envify "^1.4.0"
    object-assign "^4.1.1"
    react-is "^16.8.1"

punycode@^1.3.2:
  version "1.4.1"
  resolved "https://registry.yarnpkg.com/punycode/-/punycode-1.4.1.tgz#c0d5a63b2718800ad8e1eb0fa5269c84dd41845e"

pvtsutils@^1.3.2:
  version "1.3.2"
  resolved "https://registry.yarnpkg.com/pvtsutils/-/pvtsutils-1.3.2.tgz#9f8570d132cdd3c27ab7d51a2799239bf8d8d5de"
  dependencies:
    tslib "^2.4.0"

pvutils@^1.1.3:
  version "1.1.3"
  resolved "https://registry.yarnpkg.com/pvutils/-/pvutils-1.1.3.tgz#f35fc1d27e7cd3dfbd39c0826d173e806a03f5a3"

queue-microtask@^1.2.2:
  version "1.2.3"
  resolved "https://registry.yarnpkg.com/queue-microtask/-/queue-microtask-1.2.3.tgz#4929228bbc724dfac43e0efb058caf7b6cfb6243"

react-dom@^16.0.1:
  version "16.14.0"
  resolved "https://registry.yarnpkg.com/react-dom/-/react-dom-16.14.0.tgz#7ad838ec29a777fb3c75c3a190f661cf92ab8b89"
  dependencies:
    loose-envify "^1.1.0"
    object-assign "^4.1.1"
    prop-types "^15.6.2"
    scheduler "^0.19.1"

react-is@^16.8.1:
  version "16.13.1"
  resolved "https://registry.yarnpkg.com/react-is/-/react-is-16.13.1.tgz#789729a4dc36de2999dc156dd6c1d9c18cea56a4"

react@^15.5.4:
  version "15.5.4"
  resolved "https://registry.yarnpkg.com/react/-/react-15.5.4.tgz#fa83eb01506ab237cdc1c8c3b1cea8de012bf047"
  dependencies:
    fbjs "^0.8.9"
    loose-envify "^1.1.0"
    object-assign "^4.1.0"
    prop-types "^15.5.7"

remove-trailing-separator@^1.0.1:
  version "1.1.0"
  resolved "https://registry.yarnpkg.com/remove-trailing-separator/-/remove-trailing-separator-1.1.0.tgz#c24bce2a283adad5bc3f58e0d48249b92379d8ef"

resolve-from@5.0.0:
  version "5.0.0"
  resolved "https://registry.yarnpkg.com/resolve-from/-/resolve-from-5.0.0.tgz#c35225843df8f776df21c57557bc087e9dfdfc69"

resolve-from@^4.0.0:
  version "4.0.0"
  resolved "https://registry.yarnpkg.com/resolve-from/-/resolve-from-4.0.0.tgz#4abcd852ad32dd7baabfe9b40e00a36db5f392e6"

reusify@^1.0.4:
  version "1.0.4"
  resolved "https://registry.yarnpkg.com/reusify/-/reusify-1.0.4.tgz#90da382b1e126efc02146e90845a88db12925d76"

run-parallel@^1.1.9:
  version "1.2.0"
  resolved "https://registry.yarnpkg.com/run-parallel/-/run-parallel-1.2.0.tgz#66d1368da7bdf921eb9d95bd1a9229e7f21a43ee"
  dependencies:
    queue-microtask "^1.2.2"

scheduler@^0.19.1:
  version "0.19.1"
  resolved "https://registry.yarnpkg.com/scheduler/-/scheduler-0.19.1.tgz#4f3e2ed2c1a7d65681f4c854fa8c5a1ccb40f196"
  dependencies:
    loose-envify "^1.1.0"
    object-assign "^4.1.1"

setimmediate@^1.0.5:
  version "1.0.5"
  resolved "https://registry.yarnpkg.com/setimmediate/-/setimmediate-1.0.5.tgz#290cbb232e306942d7d7ea9b83732ab7856f8285"

slash@^3.0.0:
  version "3.0.0"
  resolved "https://registry.yarnpkg.com/slash/-/slash-3.0.0.tgz#6539be870c165adbd5240220dbe361f1bc4d4634"

streamsearch@^1.1.0:
  version "1.1.0"
  resolved "https://registry.yarnpkg.com/streamsearch/-/streamsearch-1.1.0.tgz#404dd1e2247ca94af554e841a8ef0eaa238da764"

string-env-interpolation@1.0.1:
  version "1.0.1"
  resolved "https://registry.yarnpkg.com/string-env-interpolation/-/string-env-interpolation-1.0.1.tgz#ad4397ae4ac53fe6c91d1402ad6f6a52862c7152"

supports-color@^5.3.0:
  version "5.5.0"
  resolved "https://registry.yarnpkg.com/supports-color/-/supports-color-5.5.0.tgz#e2e69a44ac8772f78a1ec0b35b689df6530efc8f"
  dependencies:
    has-flag "^3.0.0"

to-regex-range@^5.0.1:
  version "5.0.1"
  resolved "https://registry.yarnpkg.com/to-regex-range/-/to-regex-range-5.0.1.tgz#1648c44aae7c8d988a326018ed72f5b4dd0392e4"
  dependencies:
    is-number "^7.0.0"

toggle-selection@^1.0.6:
  version "1.0.6"
  resolved "https://registry.yarnpkg.com/toggle-selection/-/toggle-selection-1.0.6.tgz#6e45b1263f2017fa0acc7d89d78b15b8bf77da32"

tr46@~0.0.3:
  version "0.0.3"
  resolved "https://registry.yarnpkg.com/tr46/-/tr46-0.0.3.tgz#8184fd347dac9cdc185992f3a6622e14b9d9ab6a"

tslib@^2.0.0, tslib@^2.3.1, tslib@^2.4.0, tslib@^2.4.1, tslib@~2.5.0:
  version "2.5.0"
  resolved "https://registry.yarnpkg.com/tslib/-/tslib-2.5.0.tgz#42bfed86f5787aeb41d031866c8f402429e0fddf"

ua-parser-js@^0.7.9:
  version "0.7.33"
  resolved "https://registry.yarnpkg.com/ua-parser-js/-/ua-parser-js-0.7.33.tgz#1d04acb4ccef9293df6f70f2c3d22f3030d8b532"

uc.micro@^1.0.1, uc.micro@^1.0.5:
  version "1.0.6"
  resolved "https://registry.yarnpkg.com/uc.micro/-/uc.micro-1.0.6.tgz#9c411a802a409a91fc6cf74081baba34b24499ac"

unixify@^1.0.0:
  version "1.0.0"
  resolved "https://registry.yarnpkg.com/unixify/-/unixify-1.0.0.tgz#3a641c8c2ffbce4da683a5c70f03a462940c2090"
  dependencies:
    normalize-path "^2.1.1"

urlpattern-polyfill@^6.0.2:
  version "6.0.2"
  resolved "https://registry.yarnpkg.com/urlpattern-polyfill/-/urlpattern-polyfill-6.0.2.tgz#a193fe773459865a2a5c93b246bb794b13d07256"
  dependencies:
    braces "^3.0.2"

value-or-promise@1.0.12, value-or-promise@^1.0.11, value-or-promise@^1.0.12:
  version "1.0.12"
  resolved "https://registry.yarnpkg.com/value-or-promise/-/value-or-promise-1.0.12.tgz#0e5abfeec70148c78460a849f6b003ea7986f15c"

vscode-languageserver-types@^3.15.1, vscode-languageserver-types@^3.17.1:
  version "3.17.3"
  resolved "https://registry.yarnpkg.com/vscode-languageserver-types/-/vscode-languageserver-types-3.17.3.tgz#72d05e47b73be93acb84d6e311b5786390f13f64"

web-streams-polyfill@^3.2.1:
  version "3.2.1"
  resolved "https://registry.yarnpkg.com/web-streams-polyfill/-/web-streams-polyfill-3.2.1.tgz#71c2718c52b45fd49dbeee88634b3a60ceab42a6"

webcrypto-core@^1.7.4:
  version "1.7.6"
  resolved "https://registry.yarnpkg.com/webcrypto-core/-/webcrypto-core-1.7.6.tgz#e32c4a12a13de4251f8f9ef336a6cba7cdec9b55"
  dependencies:
    "@peculiar/asn1-schema" "^2.1.6"
    "@peculiar/json-schema" "^1.1.12"
    asn1js "^3.0.1"
    pvtsutils "^1.3.2"
    tslib "^2.4.0"

webidl-conversions@^3.0.0:
  version "3.0.1"
  resolved "https://registry.yarnpkg.com/webidl-conversions/-/webidl-conversions-3.0.1.tgz#24534275e2a7bc6be7bc86611cc16ae0a5654871"

whatwg-fetch@>=0.10.0:
  version "2.0.3"
  resolved "https://registry.yarnpkg.com/whatwg-fetch/-/whatwg-fetch-2.0.3.tgz#9c84ec2dcf68187ff00bc64e1274b442176e1c84"

whatwg-url@^5.0.0:
  version "5.0.0"
  resolved "https://registry.yarnpkg.com/whatwg-url/-/whatwg-url-5.0.0.tgz#966454e8765462e37644d3626f6742ce8b70965d"
  dependencies:
    tr46 "~0.0.3"
    webidl-conversions "^3.0.0"

ws@8.12.1, ws@^8.12.0:
  version "8.12.1"
  resolved "https://registry.yarnpkg.com/ws/-/ws-8.12.1.tgz#c51e583d79140b5e42e39be48c934131942d4a8f"

yocto-queue@^0.1.0:
  version "0.1.0"
  resolved "https://registry.yarnpkg.com/yocto-queue/-/yocto-queue-0.1.0.tgz#0294eb3dee05028d31ee1a5fa2c556a6aaf10a1b"
