# THIS IS AN AUTOGENERATED FILE. DO NOT EDIT THIS FILE DIRECTLY.
# yarn lockfile v1


asap@~2.0.3:
  version "2.0.5"
  resolved "https://registry.yarnpkg.com/asap/-/asap-2.0.5.tgz#522765b50c3510490e52d7dcfe085ef9ba96958f"

codemirror-graphql@^0.6.4:
  version "0.6.4"
  resolved "https://registry.yarnpkg.com/codemirror-graphql/-/codemirror-graphql-0.6.4.tgz#df3274b8439175def211d191463725266ddc3059"
  dependencies:
    graphql-language-service-interface "0.0.10"
    graphql-language-service-parser "^0.0.9"

codemirror@^5.25.2:
  version "5.26.0"
  resolved "https://registry.yarnpkg.com/codemirror/-/codemirror-5.26.0.tgz#bcbee86816ed123870c260461c2b5c40b68746e5"

core-js@^1.0.0:
  version "1.2.7"
  resolved "https://registry.yarnpkg.com/core-js/-/core-js-1.2.7.tgz#652294c14651db28fa93bd2d5ff2983a4f08c636"

encoding@^0.1.11:
  version "0.1.12"
  resolved "https://registry.yarnpkg.com/encoding/-/encoding-0.1.12.tgz#538b66f3ee62cd1ab51ec323829d1f9480c74beb"
  dependencies:
    iconv-lite "~0.4.13"

fbjs@^0.8.9:
  version "0.8.12"
  resolved "https://registry.yarnpkg.com/fbjs/-/fbjs-0.8.12.tgz#10b5d92f76d45575fd63a217d4ea02bea2f8ed04"
  dependencies:
    core-js "^1.0.0"
    isomorphic-fetch "^2.1.1"
    loose-envify "^1.0.0"
    object-assign "^4.1.0"
    promise "^7.1.1"
    setimmediate "^1.0.5"
    ua-parser-js "^0.7.9"

graphiql@^0.10.2:
  version "0.10.2"
  resolved "https://registry.yarnpkg.com/graphiql/-/graphiql-0.10.2.tgz#21f60a26cd3b942e28ce1df6165b002a3e7ad6ab"
  dependencies:
    codemirror "^5.25.2"
    codemirror-graphql "^0.6.4"
    marked "0.3.6"

graphql-language-service-config@0.0.10:
  version "0.0.10"
  resolved "https://registry.yarnpkg.com/graphql-language-service-config/-/graphql-language-service-config-0.0.10.tgz#356595fc424f9597a865ce2108c2ffb0565c02c2"
  dependencies:
    graphql-language-service-types "0.0.15"

graphql-language-service-interface@0.0.10:
  version "0.0.10"
  resolved "https://registry.yarnpkg.com/graphql-language-service-interface/-/graphql-language-service-interface-0.0.10.tgz#925e8205fa45ffa0638639dd6978c278cad95e60"
  dependencies:
    graphql "^0.9.6"
    graphql-language-service-config "0.0.10"
    graphql-language-service-parser "0.0.9"
    graphql-language-service-types "0.0.15"
    graphql-language-service-utils "0.0.9"

graphql-language-service-parser@0.0.9, graphql-language-service-parser@^0.0.9:
  version "0.0.9"
  resolved "https://registry.yarnpkg.com/graphql-language-service-parser/-/graphql-language-service-parser-0.0.9.tgz#522b25554076b46fce8a3e71017b5c6cdb24a676"
  dependencies:
    graphql-language-service-types "0.0.15"

graphql-language-service-types@0.0.15:
  version "0.0.15"
  resolved "https://registry.yarnpkg.com/graphql-language-service-types/-/graphql-language-service-types-0.0.15.tgz#3f1446beaa78146b78f49c7d7047293301a58393"
  dependencies:
    graphql "^0.9.6"

graphql-language-service-utils@0.0.9:
  version "0.0.9"
  resolved "https://registry.yarnpkg.com/graphql-language-service-utils/-/graphql-language-service-utils-0.0.9.tgz#de1b9fdadfa1d59a3c33a96b534b18efea84d0ad"
  dependencies:
    graphql "^0.9.6"
    graphql-language-service-types "0.0.15"

graphql@^0.9.6:
  version "0.9.6"
  resolved "https://registry.yarnpkg.com/graphql/-/graphql-0.9.6.tgz#514421e9d225c29dfc8fd305459abae58815ef2c"
  dependencies:
    iterall "^1.0.0"

iconv-lite@~0.4.13:
  version "0.4.17"
  resolved "https://registry.yarnpkg.com/iconv-lite/-/iconv-lite-0.4.17.tgz#4fdaa3b38acbc2c031b045d0edcdfe1ecab18c8d"

is-stream@^1.0.1:
  version "1.1.0"
  resolved "https://registry.yarnpkg.com/is-stream/-/is-stream-1.1.0.tgz#12d4a3dd4e68e0b79ceb8dbc84173ae80d91ca44"

isomorphic-fetch@^2.1.1:
  version "2.2.1"
  resolved "https://registry.yarnpkg.com/isomorphic-fetch/-/isomorphic-fetch-2.2.1.tgz#611ae1acf14f5e81f729507472819fe9733558a9"
  dependencies:
    node-fetch "^1.0.1"
    whatwg-fetch ">=0.10.0"

iterall@^1.0.0:
  version "1.1.1"
  resolved "https://registry.yarnpkg.com/iterall/-/iterall-1.1.1.tgz#f7f0af11e9a04ec6426260f5019d9fcca4d50214"

js-tokens@^3.0.0:
  version "3.0.1"
  resolved "https://registry.yarnpkg.com/js-tokens/-/js-tokens-3.0.1.tgz#08e9f132484a2c45a30907e9dc4d5567b7f114d7"

loose-envify@^1.0.0, loose-envify@^1.1.0, loose-envify@^1.3.1:
  version "1.3.1"
  resolved "https://registry.yarnpkg.com/loose-envify/-/loose-envify-1.3.1.tgz#d1a8ad33fa9ce0e713d65fdd0ac8b748d478c848"
  dependencies:
    js-tokens "^3.0.0"

marked@0.3.6:
  version "0.3.6"
  resolved "https://registry.yarnpkg.com/marked/-/marked-0.3.6.tgz#b2c6c618fccece4ef86c4fc6cb8a7cbf5aeda8d7"

node-fetch@^1.0.1:
  version "1.7.1"
  resolved "https://registry.yarnpkg.com/node-fetch/-/node-fetch-1.7.1.tgz#899cb3d0a3c92f952c47f1b876f4c8aeabd400d5"
  dependencies:
    encoding "^0.1.11"
    is-stream "^1.0.1"

object-assign@^4.1.0:
  version "4.1.1"
  resolved "https://registry.yarnpkg.com/object-assign/-/object-assign-4.1.1.tgz#2109adc7965887cfc05cbbd442cac8bfbb360863"

primer-alerts@^1.1.2:
  version "1.1.2"
  resolved "https://registry.yarnpkg.com/primer-alerts/-/primer-alerts-1.1.2.tgz#f2da75ead330448aba71fe82f0fa7a08f20ca72b"
  dependencies:
    primer-support "*"

primer-avatars@^0.4.6:
  version "0.4.6"
  resolved "https://registry.yarnpkg.com/primer-avatars/-/primer-avatars-0.4.6.tgz#e439082b8ffbb2b35c3aa232c9501d99dcdf2a43"
  dependencies:
    primer-support "*"

primer-base@^0.4.0:
  version "0.4.2"
  resolved "https://registry.yarnpkg.com/primer-base/-/primer-base-0.4.2.tgz#10bea7bdd454c447b1ed6e801595f3888b30f01f"
  dependencies:
    primer-support "*"

primer-blankslate@^0.3.5:
  version "0.3.5"
  resolved "https://registry.yarnpkg.com/primer-blankslate/-/primer-blankslate-0.3.5.tgz#f2cd56735935a67e4565ff53c74d5420d11ce77e"
  dependencies:
    primer-support "*"

primer-box@^2.1.2:
  version "2.1.2"
  resolved "https://registry.yarnpkg.com/primer-box/-/primer-box-2.1.2.tgz#e48a38a76035395895b8fe316facc2d135b3f194"
  dependencies:
    primer-support "*"

primer-breadcrumb@^0.1.1:
  version "0.1.1"
  resolved "https://registry.yarnpkg.com/primer-breadcrumb/-/primer-breadcrumb-0.1.1.tgz#d376da76d52c8f1bc65afbe2fd784b4fd6c684a2"
  dependencies:
    primer-marketing-support "*"
    primer-support "*"

primer-buttons@^2.0.0:
  version "2.0.0"
  resolved "https://registry.yarnpkg.com/primer-buttons/-/primer-buttons-2.0.0.tgz#805e8c07e56b616b2757fef413f4aba98e6e098b"
  dependencies:
    primer-support "*"

primer-cards@^0.1.2:
  version "0.1.2"
  resolved "https://registry.yarnpkg.com/primer-cards/-/primer-cards-0.1.2.tgz#d56f54a2166ca4aa97e9f17650f0b995aaf9e014"
  dependencies:
    primer-marketing-support "*"
    primer-support "*"

primer-core@^3.0.0:
  version "3.0.0"
  resolved "https://registry.yarnpkg.com/primer-core/-/primer-core-3.0.0.tgz#786ef2fb277c176de62251012d67b1da67657433"
  dependencies:
    primer-base "^0.4.0"
    primer-box "^2.1.2"
    primer-buttons "^2.0.0"
    primer-forms "^1.0.6"
    primer-layout "^0.3.2"
    primer-navigation "^1.0.0"
    primer-support "^4.0.0"
    primer-table-object "^1.0.3"
    primer-tooltips "^0.5.4"
    primer-truncate "^0.3.2"
    primer-utilities "^4.2.4"

primer-css@^6.0.0:
  version "6.0.0"
  resolved "https://registry.yarnpkg.com/primer-css/-/primer-css-6.0.0.tgz#f3023b87b443bc894119797900088ffa444a04c2"
  dependencies:
    primer-core "^3.0.0"
    primer-marketing "^3.0.0"
    primer-product "^3.0.0"

primer-forms@^1.0.6:
  version "1.0.6"
  resolved "https://registry.yarnpkg.com/primer-forms/-/primer-forms-1.0.6.tgz#473db3826146ffd8da1698f86a5517a560b63590"
  dependencies:
    primer-support "*"

primer-labels@^1.0.0:
  version "1.0.0"
  resolved "https://registry.yarnpkg.com/primer-labels/-/primer-labels-1.0.0.tgz#45a2c4173206750ab27e4a584998683101299a40"
  dependencies:
    primer-support "*"

primer-layout@^0.3.2:
  version "0.3.2"
  resolved "https://registry.yarnpkg.com/primer-layout/-/primer-layout-0.3.2.tgz#7f607ac1fad5942f646a05f6a4122a1577407118"
  dependencies:
    primer-support "*"

primer-markdown@^3.3.7:
  version "3.3.7"
  resolved "https://registry.yarnpkg.com/primer-markdown/-/primer-markdown-3.3.7.tgz#6a3f5626ce2705266791d565dfc441ac0e9aaa5c"
  dependencies:
    primer-support "*"

primer-marketing-support@*, primer-marketing-support@^0.5.0:
  version "0.5.0"
  resolved "https://registry.yarnpkg.com/primer-marketing-support/-/primer-marketing-support-0.5.0.tgz#ed3ce497b3c4564fe58525d0e19f2cae90a19748"

primer-marketing-type@^0.2.0:
  version "0.2.0"
  resolved "https://registry.yarnpkg.com/primer-marketing-type/-/primer-marketing-type-0.2.0.tgz#06d03d9473e23dd09b3bae94032a71e0a5cf609e"
  dependencies:
    primer-marketing-support "*"
    primer-support "*"

primer-marketing@^3.0.0:
  version "3.0.0"
  resolved "https://registry.yarnpkg.com/primer-marketing/-/primer-marketing-3.0.0.tgz#f25326c0fe5695c42c6bcc01443a0b7223d8e24b"
  dependencies:
    primer-breadcrumb "^0.1.1"
    primer-cards "^0.1.2"
    primer-marketing-support "^0.5.0"
    primer-marketing-type "^0.2.0"
    primer-page-headers "^0.1.1"
    primer-page-sections "^0.1.1"
    primer-support "^4.0.0"
    primer-tables "^0.1.2"

primer-navigation@^1.0.0:
  version "1.0.0"
  resolved "https://registry.yarnpkg.com/primer-navigation/-/primer-navigation-1.0.0.tgz#446a12436f0831f826cfe7012f8827fdbb5f2576"
  dependencies:
    primer-support "*"

primer-page-headers@^0.1.1:
  version "0.1.1"
  resolved "https://registry.yarnpkg.com/primer-page-headers/-/primer-page-headers-0.1.1.tgz#ed0b62348188fef6f0eee8f005fd018ccc7ac248"
  dependencies:
    primer-marketing-support "*"
    primer-support "*"

primer-page-sections@^0.1.1:
  version "0.1.1"
  resolved "https://registry.yarnpkg.com/primer-page-sections/-/primer-page-sections-0.1.1.tgz#ab9b955f348afca164a559cfb1599b8f3a5ba344"
  dependencies:
    primer-marketing-support "*"
    primer-support "*"

primer-product@^3.0.0:
  version "3.0.0"
  resolved "https://registry.yarnpkg.com/primer-product/-/primer-product-3.0.0.tgz#98adfa29f6843aa9e3f38a7a8b13660596066079"
  dependencies:
    primer-alerts "^1.1.2"
    primer-avatars "^0.4.6"
    primer-blankslate "^0.3.5"
    primer-labels "^1.0.0"
    primer-markdown "^3.3.7"
    primer-support "^4.0.0"

primer-support@*, primer-support@^4.0.0:
  version "4.0.0"
  resolved "https://registry.yarnpkg.com/primer-support/-/primer-support-4.0.0.tgz#3dbbb37e4e0f2ed2ea6035e0b79dd0cb33bae85e"

primer-table-object@^1.0.3:
  version "1.0.3"
  resolved "https://registry.yarnpkg.com/primer-table-object/-/primer-table-object-1.0.3.tgz#6684eea0bf639bffd9879565d0dcc1c7486fc0b3"
  dependencies:
    primer-support "*"

primer-tables@^0.1.2:
  version "0.1.2"
  resolved "https://registry.yarnpkg.com/primer-tables/-/primer-tables-0.1.2.tgz#582706a9892d1b89393c798180dfd2e59f5da318"
  dependencies:
    primer-marketing-support "*"
    primer-support "*"

primer-tooltips@^0.5.4:
  version "0.5.4"
  resolved "https://registry.yarnpkg.com/primer-tooltips/-/primer-tooltips-0.5.4.tgz#73d3a5fc7084923f648eebfe1156aa7a0570111b"
  dependencies:
    primer-support "*"

primer-truncate@^0.3.2:
  version "0.3.2"
  resolved "https://registry.yarnpkg.com/primer-truncate/-/primer-truncate-0.3.2.tgz#ffecd0199ab06ea4d3e45c221a8408bc14210a11"
  dependencies:
    primer-support "*"

primer-utilities@^4.2.4:
  version "4.2.4"
  resolved "https://registry.yarnpkg.com/primer-utilities/-/primer-utilities-4.2.4.tgz#68b8ce458bb4cc9d69d841fc003fbbbb423a697a"
  dependencies:
    primer-support "*"

promise@^7.1.1:
  version "7.1.1"
  resolved "https://registry.yarnpkg.com/promise/-/promise-7.1.1.tgz#489654c692616b8aa55b0724fa809bb7db49c5bf"
  dependencies:
    asap "~2.0.3"

prop-types@^15.5.7, prop-types@~15.5.7:
  version "15.5.10"
  resolved "https://registry.yarnpkg.com/prop-types/-/prop-types-15.5.10.tgz#2797dfc3126182e3a95e3dfbb2e893ddd7456154"
  dependencies:
    fbjs "^0.8.9"
    loose-envify "^1.3.1"

react-dom@^15.5.4:
  version "15.5.4"
  resolved "https://registry.yarnpkg.com/react-dom/-/react-dom-15.5.4.tgz#ba0c28786fd52ed7e4f2135fe0288d462aef93da"
  dependencies:
    fbjs "^0.8.9"
    loose-envify "^1.1.0"
    object-assign "^4.1.0"
    prop-types "~15.5.7"

react@^15.5.4:
  version "15.5.4"
  resolved "https://registry.yarnpkg.com/react/-/react-15.5.4.tgz#fa83eb01506ab237cdc1c8c3b1cea8de012bf047"
  dependencies:
    fbjs "^0.8.9"
    loose-envify "^1.1.0"
    object-assign "^4.1.0"
    prop-types "^15.5.7"

setimmediate@^1.0.5:
  version "1.0.5"
  resolved "https://registry.yarnpkg.com/setimmediate/-/setimmediate-1.0.5.tgz#290cbb232e306942d7d7ea9b83732ab7856f8285"

ua-parser-js@^0.7.9:
  version "0.7.12"
  resolved "https://registry.yarnpkg.com/ua-parser-js/-/ua-parser-js-0.7.12.tgz#04c81a99bdd5dc52263ea29d24c6bf8d4818a4bb"

whatwg-fetch@>=0.10.0:
  version "2.0.3"
  resolved "https://registry.yarnpkg.com/whatwg-fetch/-/whatwg-fetch-2.0.3.tgz#9c84ec2dcf68187ff00bc64e1274b442176e1c84"
