# THIS IS AN AUTOGENERATED FILE. DO NOT EDIT THIS FILE DIRECTLY.
# yarn lockfile v1


argparse@^1.0.7:
  version "1.0.10"
  resolved "https://registry.yarnpkg.com/argparse/-/argparse-1.0.10.tgz#bcd6791ea5ae09725e17e5ad988134cd40b3d911"
  dependencies:
    sprintf-js "~1.0.2"

asap@~2.0.3:
  version "2.0.5"
  resolved "https://registry.yarnpkg.com/asap/-/asap-2.0.5.tgz#522765b50c3510490e52d7dcfe085ef9ba96958f"

balanced-match@^1.0.0:
  version "1.0.2"
  resolved "https://registry.yarnpkg.com/balanced-match/-/balanced-match-1.0.2.tgz#e83e3a7e3f300b34cb9d87f615fa0cbf357690ee"

brace-expansion@^1.1.7:
  version "1.1.11"
  resolved "https://registry.yarnpkg.com/brace-expansion/-/brace-expansion-1.1.11.tgz#3c7fcbf529d87226f3d2f52b966ff5271eb441dd"
  dependencies:
    balanced-match "^1.0.0"
    concat-map "0.0.1"

codemirror-graphql@^0.6.11:
  version "0.6.12"
  resolved "https://registry.yarnpkg.com/codemirror-graphql/-/codemirror-graphql-0.6.12.tgz#91a273fe5188857524a30221d06e645b4ca41f00"
  dependencies:
    graphql-language-service-interface "^1.0.16"
    graphql-language-service-parser "^0.1.14"

codemirror@^5.26.0:
  version "5.61.0"
  resolved "https://registry.yarnpkg.com/codemirror/-/codemirror-5.61.0.tgz#318e5b034a707207948b92ffc2862195e8fdb08e"

concat-map@0.0.1:
  version "0.0.1"
  resolved "https://registry.yarnpkg.com/concat-map/-/concat-map-0.0.1.tgz#d8a96bd77fd68df7793a73036a3ba0d5405d477b"

core-js@^1.0.0:
  version "1.2.7"
  resolved "https://registry.yarnpkg.com/core-js/-/core-js-1.2.7.tgz#652294c14651db28fa93bd2d5ff2983a4f08c636"

cross-fetch@2.2.2:
  version "2.2.2"
  resolved "https://registry.yarnpkg.com/cross-fetch/-/cross-fetch-2.2.2.tgz#a47ff4f7fc712daba8f6a695a11c948440d45723"
  dependencies:
    node-fetch "2.1.2"
    whatwg-fetch "2.0.4"

encoding@^0.1.11:
  version "0.1.12"
  resolved "https://registry.yarnpkg.com/encoding/-/encoding-0.1.12.tgz#538b66f3ee62cd1ab51ec323829d1f9480c74beb"
  dependencies:
    iconv-lite "~0.4.13"

entities@~1.1.1:
  version "1.1.2"
  resolved "https://registry.yarnpkg.com/entities/-/entities-1.1.2.tgz#bdfa735299664dfafd34529ed4f8522a275fea56"

esprima@^4.0.0:
  version "4.0.1"
  resolved "https://registry.yarnpkg.com/esprima/-/esprima-4.0.1.tgz#13b04cdb3e6c5d19df91ab6987a8695619b0aa71"

fbjs@^0.8.9:
  version "0.8.12"
  resolved "https://registry.yarnpkg.com/fbjs/-/fbjs-0.8.12.tgz#10b5d92f76d45575fd63a217d4ea02bea2f8ed04"
  dependencies:
    core-js "^1.0.0"
    isomorphic-fetch "^2.1.1"
    loose-envify "^1.0.0"
    object-assign "^4.1.0"
    promise "^7.1.1"
    setimmediate "^1.0.5"
    ua-parser-js "^0.7.9"

graphiql@^0.11.11:
  version "0.11.11"
  resolved "https://registry.yarnpkg.com/graphiql/-/graphiql-0.11.11.tgz#eeaf9a38927dbe8c6ecbf81e700735e16ec50e71"
  dependencies:
    codemirror "^5.26.0"
    codemirror-graphql "^0.6.11"
    markdown-it "^8.4.0"

graphql-config@2.0.1:
  version "2.0.1"
  resolved "https://registry.yarnpkg.com/graphql-config/-/graphql-config-2.0.1.tgz#d34a9bdf1d7360af7b01db9b20260a342ddc7390"
  dependencies:
    graphql-import "^0.4.4"
    graphql-request "^1.5.0"
    js-yaml "^3.10.0"
    lodash "^4.17.4"
    minimatch "^3.0.4"

graphql-import@^0.4.4:
  version "0.4.5"
  resolved "https://registry.yarnpkg.com/graphql-import/-/graphql-import-0.4.5.tgz#e2f18c28d335733f46df8e0733d8deb1c6e2a645"
  dependencies:
    lodash "^4.17.4"

graphql-language-service-interface@^1.0.16:
  version "1.3.2"
  resolved "https://registry.yarnpkg.com/graphql-language-service-interface/-/graphql-language-service-interface-1.3.2.tgz#4bd5d49e23766c3d2ab65d110f26f10e321cc000"
  dependencies:
    graphql-config "2.0.1"
    graphql-language-service-parser "^1.2.2"
    graphql-language-service-types "^1.2.2"
    graphql-language-service-utils "^1.2.2"

graphql-language-service-parser@^0.1.14:
  version "0.1.14"
  resolved "https://registry.yarnpkg.com/graphql-language-service-parser/-/graphql-language-service-parser-0.1.14.tgz#dd25abda5dcff4f2268c9a19e026004271491661"
  dependencies:
    graphql-language-service-types "^0.1.14"

graphql-language-service-parser@^1.2.2:
  version "1.9.1"
  resolved "https://registry.yarnpkg.com/graphql-language-service-parser/-/graphql-language-service-parser-1.9.1.tgz#e982d697d70b6eae8cc798b449f7cb61ea5caf34"
  dependencies:
    graphql-language-service-types "^1.8.0"

graphql-language-service-types@^0.1.14:
  version "0.1.14"
  resolved "https://registry.yarnpkg.com/graphql-language-service-types/-/graphql-language-service-types-0.1.14.tgz#e6112785fc23ea8222f59a7f00e61b359f263c88"

graphql-language-service-types@^1.2.2, graphql-language-service-types@^1.8.0:
  version "1.8.1"
  resolved "https://registry.yarnpkg.com/graphql-language-service-types/-/graphql-language-service-types-1.8.1.tgz#963810010924f2b5eaea415d5b8eb0b7d42c479b"

graphql-language-service-utils@^1.2.2:
  version "1.2.2"
  resolved "https://registry.yarnpkg.com/graphql-language-service-utils/-/graphql-language-service-utils-1.2.2.tgz#d31d4b4288085bd31d1bb8efc35790d69e496cae"
  dependencies:
    graphql-config "2.0.1"
    graphql-language-service-types "^1.2.2"

graphql-request@^1.5.0:
  version "1.8.2"
  resolved "https://registry.yarnpkg.com/graphql-request/-/graphql-request-1.8.2.tgz#398d10ae15c585676741bde3fc01d5ca948f8fbe"
  dependencies:
    cross-fetch "2.2.2"

iconv-lite@~0.4.13:
  version "0.4.17"
  resolved "https://registry.yarnpkg.com/iconv-lite/-/iconv-lite-0.4.17.tgz#4fdaa3b38acbc2c031b045d0edcdfe1ecab18c8d"

is-stream@^1.0.1:
  version "1.1.0"
  resolved "https://registry.yarnpkg.com/is-stream/-/is-stream-1.1.0.tgz#12d4a3dd4e68e0b79ceb8dbc84173ae80d91ca44"

isomorphic-fetch@^2.1.1:
  version "2.2.1"
  resolved "https://registry.yarnpkg.com/isomorphic-fetch/-/isomorphic-fetch-2.2.1.tgz#611ae1acf14f5e81f729507472819fe9733558a9"
  dependencies:
    node-fetch "^1.0.1"
    whatwg-fetch ">=0.10.0"

js-tokens@^3.0.0:
  version "3.0.1"
  resolved "https://registry.yarnpkg.com/js-tokens/-/js-tokens-3.0.1.tgz#08e9f132484a2c45a30907e9dc4d5567b7f114d7"

"js-tokens@^3.0.0 || ^4.0.0":
  version "4.0.0"
  resolved "https://registry.yarnpkg.com/js-tokens/-/js-tokens-4.0.0.tgz#19203fb59991df98e3a287050d4647cdeaf32499"

js-yaml@^3.10.0:
  version "3.14.1"
  resolved "https://registry.yarnpkg.com/js-yaml/-/js-yaml-3.14.1.tgz#dae812fdb3825fa306609a8717383c50c36a0537"
  dependencies:
    argparse "^1.0.7"
    esprima "^4.0.0"

linkify-it@^2.0.0:
  version "2.2.0"
  resolved "https://registry.yarnpkg.com/linkify-it/-/linkify-it-2.2.0.tgz#e3b54697e78bf915c70a38acd78fd09e0058b1cf"
  dependencies:
    uc.micro "^1.0.1"

lodash@^4.17.4:
  version "4.17.21"
  resolved "https://registry.yarnpkg.com/lodash/-/lodash-4.17.21.tgz#679591c564c3bffaae8454cf0b3df370c3d6911c"

loose-envify@^1.0.0, loose-envify@^1.1.0, loose-envify@^1.3.1:
  version "1.3.1"
  resolved "https://registry.yarnpkg.com/loose-envify/-/loose-envify-1.3.1.tgz#d1a8ad33fa9ce0e713d65fdd0ac8b748d478c848"
  dependencies:
    js-tokens "^3.0.0"

loose-envify@^1.4.0:
  version "1.4.0"
  resolved "https://registry.yarnpkg.com/loose-envify/-/loose-envify-1.4.0.tgz#71ee51fa7be4caec1a63839f7e682d8132d30caf"
  dependencies:
    js-tokens "^3.0.0 || ^4.0.0"

markdown-it@^8.4.0:
  version "8.4.2"
  resolved "https://registry.yarnpkg.com/markdown-it/-/markdown-it-8.4.2.tgz#386f98998dc15a37722aa7722084f4020bdd9b54"
  dependencies:
    argparse "^1.0.7"
    entities "~1.1.1"
    linkify-it "^2.0.0"
    mdurl "^1.0.1"
    uc.micro "^1.0.5"

mdurl@^1.0.1:
  version "1.0.1"
  resolved "https://registry.yarnpkg.com/mdurl/-/mdurl-1.0.1.tgz#fe85b2ec75a59037f2adfec100fd6c601761152e"

minimatch@^3.0.4:
  version "3.0.4"
  resolved "https://registry.yarnpkg.com/minimatch/-/minimatch-3.0.4.tgz#5166e286457f03306064be5497e8dbb0c3d32083"
  dependencies:
    brace-expansion "^1.1.7"

node-fetch@2.1.2:
  version "2.1.2"
  resolved "https://registry.yarnpkg.com/node-fetch/-/node-fetch-2.1.2.tgz#ab884e8e7e57e38a944753cec706f788d1768bb5"

node-fetch@^1.0.1:
  version "1.7.1"
  resolved "https://registry.yarnpkg.com/node-fetch/-/node-fetch-1.7.1.tgz#899cb3d0a3c92f952c47f1b876f4c8aeabd400d5"
  dependencies:
    encoding "^0.1.11"
    is-stream "^1.0.1"

object-assign@^4.1.0, object-assign@^4.1.1:
  version "4.1.1"
  resolved "https://registry.yarnpkg.com/object-assign/-/object-assign-4.1.1.tgz#2109adc7965887cfc05cbbd442cac8bfbb360863"

primer-alerts@^1.1.2:
  version "1.1.2"
  resolved "https://registry.yarnpkg.com/primer-alerts/-/primer-alerts-1.1.2.tgz#f2da75ead330448aba71fe82f0fa7a08f20ca72b"
  dependencies:
    primer-support "*"

primer-avatars@^0.4.6:
  version "0.4.6"
  resolved "https://registry.yarnpkg.com/primer-avatars/-/primer-avatars-0.4.6.tgz#e439082b8ffbb2b35c3aa232c9501d99dcdf2a43"
  dependencies:
    primer-support "*"

primer-base@^0.4.0:
  version "0.4.2"
  resolved "https://registry.yarnpkg.com/primer-base/-/primer-base-0.4.2.tgz#10bea7bdd454c447b1ed6e801595f3888b30f01f"
  dependencies:
    primer-support "*"

primer-blankslate@^0.3.5:
  version "0.3.5"
  resolved "https://registry.yarnpkg.com/primer-blankslate/-/primer-blankslate-0.3.5.tgz#f2cd56735935a67e4565ff53c74d5420d11ce77e"
  dependencies:
    primer-support "*"

primer-box@^2.1.2:
  version "2.1.2"
  resolved "https://registry.yarnpkg.com/primer-box/-/primer-box-2.1.2.tgz#e48a38a76035395895b8fe316facc2d135b3f194"
  dependencies:
    primer-support "*"

primer-breadcrumb@^0.1.1:
  version "0.1.1"
  resolved "https://registry.yarnpkg.com/primer-breadcrumb/-/primer-breadcrumb-0.1.1.tgz#d376da76d52c8f1bc65afbe2fd784b4fd6c684a2"
  dependencies:
    primer-marketing-support "*"
    primer-support "*"

primer-buttons@^2.0.0:
  version "2.0.0"
  resolved "https://registry.yarnpkg.com/primer-buttons/-/primer-buttons-2.0.0.tgz#805e8c07e56b616b2757fef413f4aba98e6e098b"
  dependencies:
    primer-support "*"

primer-cards@^0.1.2:
  version "0.1.2"
  resolved "https://registry.yarnpkg.com/primer-cards/-/primer-cards-0.1.2.tgz#d56f54a2166ca4aa97e9f17650f0b995aaf9e014"
  dependencies:
    primer-marketing-support "*"
    primer-support "*"

primer-core@^3.0.0:
  version "3.0.0"
  resolved "https://registry.yarnpkg.com/primer-core/-/primer-core-3.0.0.tgz#786ef2fb277c176de62251012d67b1da67657433"
  dependencies:
    primer-base "^0.4.0"
    primer-box "^2.1.2"
    primer-buttons "^2.0.0"
    primer-forms "^1.0.6"
    primer-layout "^0.3.2"
    primer-navigation "^1.0.0"
    primer-support "^4.0.0"
    primer-table-object "^1.0.3"
    primer-tooltips "^0.5.4"
    primer-truncate "^0.3.2"
    primer-utilities "^4.2.4"

primer-css@^6.0.0:
  version "6.0.0"
  resolved "https://registry.yarnpkg.com/primer-css/-/primer-css-6.0.0.tgz#f3023b87b443bc894119797900088ffa444a04c2"
  dependencies:
    primer-core "^3.0.0"
    primer-marketing "^3.0.0"
    primer-product "^3.0.0"

primer-forms@^1.0.6:
  version "1.0.6"
  resolved "https://registry.yarnpkg.com/primer-forms/-/primer-forms-1.0.6.tgz#473db3826146ffd8da1698f86a5517a560b63590"
  dependencies:
    primer-support "*"

primer-labels@^1.0.0:
  version "1.0.0"
  resolved "https://registry.yarnpkg.com/primer-labels/-/primer-labels-1.0.0.tgz#45a2c4173206750ab27e4a584998683101299a40"
  dependencies:
    primer-support "*"

primer-layout@^0.3.2:
  version "0.3.2"
  resolved "https://registry.yarnpkg.com/primer-layout/-/primer-layout-0.3.2.tgz#7f607ac1fad5942f646a05f6a4122a1577407118"
  dependencies:
    primer-support "*"

primer-markdown@^3.3.7:
  version "3.3.7"
  resolved "https://registry.yarnpkg.com/primer-markdown/-/primer-markdown-3.3.7.tgz#6a3f5626ce2705266791d565dfc441ac0e9aaa5c"
  dependencies:
    primer-support "*"

primer-marketing-support@*, primer-marketing-support@^0.5.0:
  version "0.5.0"
  resolved "https://registry.yarnpkg.com/primer-marketing-support/-/primer-marketing-support-0.5.0.tgz#ed3ce497b3c4564fe58525d0e19f2cae90a19748"

primer-marketing-type@^0.2.0:
  version "0.2.0"
  resolved "https://registry.yarnpkg.com/primer-marketing-type/-/primer-marketing-type-0.2.0.tgz#06d03d9473e23dd09b3bae94032a71e0a5cf609e"
  dependencies:
    primer-marketing-support "*"
    primer-support "*"

primer-marketing@^3.0.0:
  version "3.0.0"
  resolved "https://registry.yarnpkg.com/primer-marketing/-/primer-marketing-3.0.0.tgz#f25326c0fe5695c42c6bcc01443a0b7223d8e24b"
  dependencies:
    primer-breadcrumb "^0.1.1"
    primer-cards "^0.1.2"
    primer-marketing-support "^0.5.0"
    primer-marketing-type "^0.2.0"
    primer-page-headers "^0.1.1"
    primer-page-sections "^0.1.1"
    primer-support "^4.0.0"
    primer-tables "^0.1.2"

primer-navigation@^1.0.0:
  version "1.0.0"
  resolved "https://registry.yarnpkg.com/primer-navigation/-/primer-navigation-1.0.0.tgz#446a12436f0831f826cfe7012f8827fdbb5f2576"
  dependencies:
    primer-support "*"

primer-page-headers@^0.1.1:
  version "0.1.1"
  resolved "https://registry.yarnpkg.com/primer-page-headers/-/primer-page-headers-0.1.1.tgz#ed0b62348188fef6f0eee8f005fd018ccc7ac248"
  dependencies:
    primer-marketing-support "*"
    primer-support "*"

primer-page-sections@^0.1.1:
  version "0.1.1"
  resolved "https://registry.yarnpkg.com/primer-page-sections/-/primer-page-sections-0.1.1.tgz#ab9b955f348afca164a559cfb1599b8f3a5ba344"
  dependencies:
    primer-marketing-support "*"
    primer-support "*"

primer-product@^3.0.0:
  version "3.0.0"
  resolved "https://registry.yarnpkg.com/primer-product/-/primer-product-3.0.0.tgz#98adfa29f6843aa9e3f38a7a8b13660596066079"
  dependencies:
    primer-alerts "^1.1.2"
    primer-avatars "^0.4.6"
    primer-blankslate "^0.3.5"
    primer-labels "^1.0.0"
    primer-markdown "^3.3.7"
    primer-support "^4.0.0"

primer-support@*, primer-support@^4.0.0:
  version "4.0.0"
  resolved "https://registry.yarnpkg.com/primer-support/-/primer-support-4.0.0.tgz#3dbbb37e4e0f2ed2ea6035e0b79dd0cb33bae85e"

primer-table-object@^1.0.3:
  version "1.0.3"
  resolved "https://registry.yarnpkg.com/primer-table-object/-/primer-table-object-1.0.3.tgz#6684eea0bf639bffd9879565d0dcc1c7486fc0b3"
  dependencies:
    primer-support "*"

primer-tables@^0.1.2:
  version "0.1.2"
  resolved "https://registry.yarnpkg.com/primer-tables/-/primer-tables-0.1.2.tgz#582706a9892d1b89393c798180dfd2e59f5da318"
  dependencies:
    primer-marketing-support "*"
    primer-support "*"

primer-tooltips@^0.5.4:
  version "0.5.4"
  resolved "https://registry.yarnpkg.com/primer-tooltips/-/primer-tooltips-0.5.4.tgz#73d3a5fc7084923f648eebfe1156aa7a0570111b"
  dependencies:
    primer-support "*"

primer-truncate@^0.3.2:
  version "0.3.2"
  resolved "https://registry.yarnpkg.com/primer-truncate/-/primer-truncate-0.3.2.tgz#ffecd0199ab06ea4d3e45c221a8408bc14210a11"
  dependencies:
    primer-support "*"

primer-utilities@^4.2.4:
  version "4.2.4"
  resolved "https://registry.yarnpkg.com/primer-utilities/-/primer-utilities-4.2.4.tgz#68b8ce458bb4cc9d69d841fc003fbbbb423a697a"
  dependencies:
    primer-support "*"

promise@^7.1.1:
  version "7.1.1"
  resolved "https://registry.yarnpkg.com/promise/-/promise-7.1.1.tgz#489654c692616b8aa55b0724fa809bb7db49c5bf"
  dependencies:
    asap "~2.0.3"

prop-types@^15.5.7:
  version "15.5.10"
  resolved "https://registry.yarnpkg.com/prop-types/-/prop-types-15.5.10.tgz#2797dfc3126182e3a95e3dfbb2e893ddd7456154"
  dependencies:
    fbjs "^0.8.9"
    loose-envify "^1.3.1"

prop-types@^15.6.2:
  version "15.7.2"
  resolved "https://registry.yarnpkg.com/prop-types/-/prop-types-15.7.2.tgz#52c41e75b8c87e72b9d9360e0206b99dcbffa6c5"
  dependencies:
    loose-envify "^1.4.0"
    object-assign "^4.1.1"
    react-is "^16.8.1"

react-dom@^16.0.1:
  version "16.14.0"
  resolved "https://registry.yarnpkg.com/react-dom/-/react-dom-16.14.0.tgz#7ad838ec29a777fb3c75c3a190f661cf92ab8b89"
  dependencies:
    loose-envify "^1.1.0"
    object-assign "^4.1.1"
    prop-types "^15.6.2"
    scheduler "^0.19.1"

react-is@^16.8.1:
  version "16.13.1"
  resolved "https://registry.yarnpkg.com/react-is/-/react-is-16.13.1.tgz#789729a4dc36de2999dc156dd6c1d9c18cea56a4"

react@^15.5.4:
  version "15.5.4"
  resolved "https://registry.yarnpkg.com/react/-/react-15.5.4.tgz#fa83eb01506ab237cdc1c8c3b1cea8de012bf047"
  dependencies:
    fbjs "^0.8.9"
    loose-envify "^1.1.0"
    object-assign "^4.1.0"
    prop-types "^15.5.7"

scheduler@^0.19.1:
  version "0.19.1"
  resolved "https://registry.yarnpkg.com/scheduler/-/scheduler-0.19.1.tgz#4f3e2ed2c1a7d65681f4c854fa8c5a1ccb40f196"
  dependencies:
    loose-envify "^1.1.0"
    object-assign "^4.1.1"

setimmediate@^1.0.5:
  version "1.0.5"
  resolved "https://registry.yarnpkg.com/setimmediate/-/setimmediate-1.0.5.tgz#290cbb232e306942d7d7ea9b83732ab7856f8285"

sprintf-js@~1.0.2:
  version "1.0.3"
  resolved "https://registry.yarnpkg.com/sprintf-js/-/sprintf-js-1.0.3.tgz#04e6926f662895354f3dd015203633b857297e2c"

ua-parser-js@^0.7.9:
  version "0.7.28"
  resolved "https://registry.yarnpkg.com/ua-parser-js/-/ua-parser-js-0.7.28.tgz#8ba04e653f35ce210239c64661685bf9121dec31"

uc.micro@^1.0.1, uc.micro@^1.0.5:
  version "1.0.6"
  resolved "https://registry.yarnpkg.com/uc.micro/-/uc.micro-1.0.6.tgz#9c411a802a409a91fc6cf74081baba34b24499ac"

whatwg-fetch@2.0.4:
  version "2.0.4"
  resolved "https://registry.yarnpkg.com/whatwg-fetch/-/whatwg-fetch-2.0.4.tgz#dde6a5df315f9d39991aa17621853d720b85566f"

whatwg-fetch@>=0.10.0:
  version "2.0.3"
  resolved "https://registry.yarnpkg.com/whatwg-fetch/-/whatwg-fetch-2.0.3.tgz#9c84ec2dcf68187ff00bc64e1274b442176e1c84"
